
Microsoft Visual Studio Solution File, Format Version 12.00
# Visual Studio Version 17
VisualStudioVersion = 17.3.32819.101
MinimumVisualStudioVersion = 10.0.40219.1
Project("{2150E333-8FDC-42A3-9474-1A3956D46DE8}") = "src", "src", "{A0771F10-B674-45AB-8C8F-1DFF19279C84}"
EndProject
Project("{2150E333-8FDC-42A3-9474-1A3956D46DE8}") = "tests", "tests", "{EB1A4752-835E-4A7A-80F8-EC277983D346}"
EndProject
Project("{FAE04EC0-301F-11D3-BF4B-00C04F79EFBC}") = "CustomerDataLayer", "src\CustomerDataLayer\CustomerDataLayer.csproj", "{D44D8BA4-8590-4CC0-9289-AD0F5394EDCD}"
EndProject
Project("{FAE04EC0-301F-11D3-BF4B-00C04F79EFBC}") = "CustomerDataLayer.WebMVC", "src\CustomerDataLayer.WebMVC\CustomerDataLayer.WebMVC.csproj", "{B051E0D2-4C7D-4196-9D85-AC178667D312}"
EndProject
Project("{FAE04EC0-301F-11D3-BF4B-00C04F79EFBC}") = "CustomerDataLayer.Tests", "tests\CustomerDataLayer.Tests\CustomerDataLayer.Tests.csproj", "{02CF86EE-BED7-4D8C-AC57-C4DA068AA8A0}"
EndProject
Project("{FAE04EC0-301F-11D3-BF4B-00C04F79EFBC}") = "CustomerDataLayer.WebMVC.Tests", "tests\CustomerDataLayer.WebMVC.Tests\CustomerDataLayer.WebMVC.Tests.csproj", "{C9D4CD06-0B9D-442C-BF7A-48AD2F339C4E}"
EndProject
Global
	GlobalSection(SolutionConfigurationPlatforms) = preSolution
		Debug|Any CPU = Debug|Any CPU
		Release|Any CPU = Release|Any CPU
	EndGlobalSection
	GlobalSection(ProjectConfigurationPlatforms) = postSolution
		{D44D8BA4-8590-4CC0-9289-AD0F5394EDCD}.Debug|Any CPU.ActiveCfg = Debug|Any CPU
		{D44D8BA4-8590-4CC0-9289-AD0F5394EDCD}.Debug|Any CPU.Build.0 = Debug|Any CPU
		{D44D8BA4-8590-4CC0-9289-AD0F5394EDCD}.Release|Any CPU.ActiveCfg = Release|Any CPU
		{D44D8BA4-8590-4CC0-9289-AD0F5394EDCD}.Release|Any CPU.Build.0 = Release|Any CPU
		{B051E0D2-4C7D-4196-9D85-AC178667D312}.Debug|Any CPU.ActiveCfg = Debug|Any CPU
		{B051E0D2-4C7D-4196-9D85-AC178667D312}.Debug|Any CPU.Build.0 = Debug|Any CPU
		{B051E0D2-4C7D-4196-9D85-AC178667D312}.Release|Any CPU.ActiveCfg = Release|Any CPU
		{B051E0D2-4C7D-4196-9D85-AC178667D312}.Release|Any CPU.Build.0 = Release|Any CPU
		{02CF86EE-BED7-4D8C-AC57-C4DA068AA8A0}.Debug|Any CPU.ActiveCfg = Debug|Any CPU
		{02CF86EE-BED7-4D8C-AC57-C4DA068AA8A0}.Debug|Any CPU.Build.0 = Debug|Any CPU
		{02CF86EE-BED7-4D8C-AC57-C4DA068AA8A0}.Release|Any CPU.ActiveCfg = Release|Any CPU
		{02CF86EE-BED7-4D8C-AC57-C4DA068AA8A0}.Release|Any CPU.Build.0 = Release|Any CPU
		{C9D4CD06-0B9D-442C-BF7A-48AD2F339C4E}.Debug|Any CPU.ActiveCfg = Debug|Any CPU
		{C9D4CD06-0B9D-442C-BF7A-48AD2F339C4E}.Debug|Any CPU.Build.0 = Debug|Any CPU
		{C9D4CD06-0B9D-442C-BF7A-48AD2F339C4E}.Release|Any CPU.ActiveCfg = Release|Any CPU
		{C9D4CD06-0B9D-442C-BF7A-48AD2F339C4E}.Release|Any CPU.Build.0 = Release|Any CPU
	EndGlobalSection
	GlobalSection(SolutionProperties) = preSolution
		HideSolutionNode = FALSE
	EndGlobalSection
	GlobalSection(NestedProjects) = preSolution
		{D44D8BA4-8590-4CC0-9289-AD0F5394EDCD} = {A0771F10-B674-45AB-8C8F-1DFF19279C84}
		{B051E0D2-4C7D-4196-9D85-AC178667D312} = {A0771F10-B674-45AB-8C8F-1DFF19279C84}
		{02CF86EE-BED7-4D8C-AC57-C4DA068AA8A0} = {EB1A4752-835E-4A7A-80F8-EC277983D346}
		{C9D4CD06-0B9D-442C-BF7A-48AD2F339C4E} = {EB1A4752-835E-4A7A-80F8-EC277983D346}
	EndGlobalSection
	GlobalSection(ExtensibilityGlobals) = postSolution
		SolutionGuid = {0F738E4D-4274-450B-AD95-9B2B00628277}
	EndGlobalSection
EndGlobal
